
Microsoft Visual Studio Solution File, Format Version 12.00
# Visual Studio Version 17
VisualStudioVersion = 17.5.33424.131
MinimumVisualStudioVersion = 10.0.40219.1
Project("{FAE04EC0-301F-11D3-BF4B-00C04F79EFBC}") = "SGC", "SGC\SGC.csproj", "{3C00CA8C-B386-4B65-AFE0-EDDB0AEEA90A}"
EndProject
Project("{FAE04EC0-301F-11D3-BF4B-00C04F79EFBC}") = "DataManager", "DataManager\DataManager.csproj", "{607F285D-8CAA-4AAB-9702-EC681242D598}"
EndProject
Project("{FAE04EC0-301F-11D3-BF4B-00C04F79EFBC}") = "SessionManager", "SessionManager\SessionManager.csproj", "{0672EA92-C82D-4012-AB1E-87EBEB43A5DB}"
EndProject
Project("{FAE04EC0-301F-11D3-BF4B-00C04F79EFBC}") = "General", "General\General.csproj", "{6B48E557-9E33-4C93-B688-2A9DF1FB0B70}"
EndProject
Global
	GlobalSection(SolutionConfigurationPlatforms) = preSolution
		Debug|Any CPU = Debug|Any CPU
		Release|Any CPU = Release|Any CPU
	EndGlobalSection
	GlobalSection(ProjectConfigurationPlatforms) = postSolution
		{3C00CA8C-B386-4B65-AFE0-EDDB0AEEA90A}.Debug|Any CPU.ActiveCfg = Debug|Any CPU
		{3C00CA8C-B386-4B65-AFE0-EDDB0AEEA90A}.Debug|Any CPU.Build.0 = Debug|Any CPU
		{3C00CA8C-B386-4B65-AFE0-EDDB0AEEA90A}.Release|Any CPU.ActiveCfg = Release|Any CPU
		{3C00CA8C-B386-4B65-AFE0-EDDB0AEEA90A}.Release|Any CPU.Build.0 = Release|Any CPU
		{607F285D-8CAA-4AAB-9702-EC681242D598}.Debug|Any CPU.ActiveCfg = Debug|Any CPU
		{607F285D-8CAA-4AAB-9702-EC681242D598}.Debug|Any CPU.Build.0 = Debug|Any CPU
		{607F285D-8CAA-4AAB-9702-EC681242D598}.Release|Any CPU.ActiveCfg = Release|Any CPU
		{607F285D-8CAA-4AAB-9702-EC681242D598}.Release|Any CPU.Build.0 = Release|Any CPU
		{0672EA92-C82D-4012-AB1E-87EBEB43A5DB}.Debug|Any CPU.ActiveCfg = Debug|Any CPU
		{0672EA92-C82D-4012-AB1E-87EBEB43A5DB}.Debug|Any CPU.Build.0 = Debug|Any CPU
		{0672EA92-C82D-4012-AB1E-87EBEB43A5DB}.Release|Any CPU.ActiveCfg = Release|Any CPU
		{0672EA92-C82D-4012-AB1E-87EBEB43A5DB}.Release|Any CPU.Build.0 = Release|Any CPU
		{6B48E557-9E33-4C93-B688-2A9DF1FB0B70}.Debug|Any CPU.ActiveCfg = Debug|Any CPU
		{6B48E557-9E33-4C93-B688-2A9DF1FB0B70}.Debug|Any CPU.Build.0 = Debug|Any CPU
		{6B48E557-9E33-4C93-B688-2A9DF1FB0B70}.Release|Any CPU.ActiveCfg = Release|Any CPU
		{6B48E557-9E33-4C93-B688-2A9DF1FB0B70}.Release|Any CPU.Build.0 = Release|Any CPU
	EndGlobalSection
	GlobalSection(SolutionProperties) = preSolution
		HideSolutionNode = FALSE
	EndGlobalSection
	GlobalSection(ExtensibilityGlobals) = postSolution
		SolutionGuid = {C2EEA9CA-11E0-4ED9-8244-FBD59524805C}
	EndGlobalSection
EndGlobal
